
Microsoft Visual Studio Solution File, Format Version 12.00
# Visual Studio Version 17
VisualStudioVersion = 17.1.32328.378
MinimumVisualStudioVersion = 10.0.40219.1
Project("{FAE04EC0-301F-11D3-BF4B-00C04F79EFBC}") = "Color change", "Pipe network\Color change.csproj", "{608D5490-C491-4564-A3A5-DA21F1EE3BE7}"
EndProject
Global
	GlobalSection(SolutionConfigurationPlatforms) = preSolution
		Debug|Any CPU = Debug|Any CPU
		Release|Any CPU = Release|Any CPU
	EndGlobalSection
	GlobalSection(ProjectConfigurationPlatforms) = postSolution
		{608D5490-C491-4564-A3A5-DA21F1EE3BE7}.Debug|Any CPU.ActiveCfg = Debug|Any CPU
		{608D5490-C491-4564-A3A5-DA21F1EE3BE7}.Debug|Any CPU.Build.0 = Debug|Any CPU
		{608D5490-C491-4564-A3A5-DA21F1EE3BE7}.Release|Any CPU.ActiveCfg = Release|Any CPU
		{608D5490-C491-4564-A3A5-DA21F1EE3BE7}.Release|Any CPU.Build.0 = Release|Any CPU
	EndGlobalSection
	GlobalSection(SolutionProperties) = preSolution
		HideSolutionNode = FALSE
	EndGlobalSection
	GlobalSection(ExtensibilityGlobals) = postSolution
		SolutionGuid = {5C91C096-8588-4901-8626-D07E7981B2C6}
	EndGlobalSection
EndGlobal
